// !$*UTF8*$!
{
	archiveVersion = 1;
	classes = {
	};
	objectVersion = 56;
	objects = {

/* Begin PBXBuildFile section */
		6B057ECB29BCC71400986620 /* SplashView.swift in Sources */ = {isa = PBXBuildFile; fileRef = 6B057ECA29BCC71400986620 /* SplashView.swift */; };
		6B40E3E82A55BA52000E6B61 /* ScannerView.swift in Sources */ = {isa = PBXBuildFile; fileRef = 6B40E3E72A55BA52000E6B61 /* ScannerView.swift */; };
		6B40E3F22A55E4F8000E6B61 /* ScanType.swift in Sources */ = {isa = PBXBuildFile; fileRef = 6B40E3F12A55E4F8000E6B61 /* ScanType.swift */; };
		6B40E3F62A55EFBA000E6B61 /* arduino.jpg in Resources */ = {isa = PBXBuildFile; fileRef = 6B40E3F52A55EFBA000E6B61 /* arduino.jpg */; };
		6B59724C29BA4C28002DD719 /* KnowMeApp.swift in Sources */ = {isa = PBXBuildFile; fileRef = 6B59724B29BA4C28002DD719 /* KnowMeApp.swift */; };
		6B59724E29BA4C28002DD719 /* ContentView.swift in Sources */ = {isa = PBXBuildFile; fileRef = 6B59724D29BA4C28002DD719 /* ContentView.swift */; };
		6B59725029BA4C29002DD719 /* Assets.xcassets in Resources */ = {isa = PBXBuildFile; fileRef = 6B59724F29BA4C29002DD719 /* Assets.xcassets */; };
		6B59725329BA4C29002DD719 /* Preview Assets.xcassets in Resources */ = {isa = PBXBuildFile; fileRef = 6B59725229BA4C29002DD719 /* Preview Assets.xcassets */; };
		6B7B9E0A29F93F4A003DEEC6 /* ScannerViewModel.swift in Sources */ = {isa = PBXBuildFile; fileRef = 6B7B9E0929F93F4A003DEEC6 /* ScannerViewModel.swift */; };
		6BC97D7C29C4806A00E1D4D1 /* ViewModel.swift in Sources */ = {isa = PBXBuildFile; fileRef = 6BC97D7B29C4806A00E1D4D1 /* ViewModel.swift */; };
		6BC97D8029C4CB8600E1D4D1 /* ImagePicker.swift in Sources */ = {isa = PBXBuildFile; fileRef = 6BC97D7F29C4CB8600E1D4D1 /* ImagePicker.swift */; };
		6BC97D8429C4CBCF00E1D4D1 /* Button.swift in Sources */ = {isa = PBXBuildFile; fileRef = 6BC97D8329C4CBCF00E1D4D1 /* Button.swift */; };
		6BD2E87B29C0501E006E1C50 /* KnowMeImageClassifier.mlmodel in Sources */ = {isa = PBXBuildFile; fileRef = 6BD2E87A29C0501E006E1C50 /* KnowMeImageClassifier.mlmodel */; };
		6BED202E2A56C759008EF048 /* StaticScanVIew.swift in Sources */ = {isa = PBXBuildFile; fileRef = 6BED202D2A56C759008EF048 /* StaticScanVIew.swift */; };
		6BF9F78C29C5E07A00E50180 /* ImageView.swift in Sources */ = {isa = PBXBuildFile; fileRef = 6BF9F78B29C5E07A00E50180 /* ImageView.swift */; };
/* End PBXBuildFile section */

/* Begin PBXFileReference section */
		6B057ECA29BCC71400986620 /* SplashView.swift */ = {isa = PBXFileReference; lastKnownFileType = sourcecode.swift; path = SplashView.swift; sourceTree = "<group>"; };
		6B40E3E72A55BA52000E6B61 /* ScannerView.swift */ = {isa = PBXFileReference; lastKnownFileType = sourcecode.swift; path = ScannerView.swift; sourceTree = "<group>"; };
		6B40E3F12A55E4F8000E6B61 /* ScanType.swift */ = {isa = PBXFileReference; lastKnownFileType = sourcecode.swift; path = ScanType.swift; sourceTree = "<group>"; };
		6B40E3F52A55EFBA000E6B61 /* arduino.jpg */ = {isa = PBXFileReference; lastKnownFileType = image.jpeg; path = arduino.jpg; sourceTree = "<group>"; };
		6B59724829BA4C28002DD719 /* KnowMe.app */ = {isa = PBXFileReference; explicitFileType = wrapper.application; includeInIndex = 0; path = KnowMe.app; sourceTree = BUILT_PRODUCTS_DIR; };
		6B59724B29BA4C28002DD719 /* KnowMeApp.swift */ = {isa = PBXFileReference; lastKnownFileType = sourcecode.swift; path = KnowMeApp.swift; sourceTree = "<group>"; };
		6B59724D29BA4C28002DD719 /* ContentView.swift */ = {isa = PBXFileReference; lastKnownFileType = sourcecode.swift; path = ContentView.swift; sourceTree = "<group>"; };
		6B59724F29BA4C29002DD719 /* Assets.xcassets */ = {isa = PBXFileReference; lastKnownFileType = folder.assetcatalog; path = Assets.xcassets; sourceTree = "<group>"; };
		6B59725229BA4C29002DD719 /* Preview Assets.xcassets */ = {isa = PBXFileReference; lastKnownFileType = folder.assetcatalog; path = "Preview Assets.xcassets"; sourceTree = "<group>"; };
		6B7B9E0929F93F4A003DEEC6 /* ScannerViewModel.swift */ = {isa = PBXFileReference; lastKnownFileType = sourcecode.swift; path = ScannerViewModel.swift; sourceTree = "<group>"; };
		6BC97D7B29C4806A00E1D4D1 /* ViewModel.swift */ = {isa = PBXFileReference; lastKnownFileType = sourcecode.swift; path = ViewModel.swift; sourceTree = "<group>"; };
		6BC97D7F29C4CB8600E1D4D1 /* ImagePicker.swift */ = {isa = PBXFileReference; fileEncoding = 4; lastKnownFileType = sourcecode.swift; path = ImagePicker.swift; sourceTree = "<group>"; };
		6BC97D8329C4CBCF00E1D4D1 /* Button.swift */ = {isa = PBXFileReference; fileEncoding = 4; lastKnownFileType = sourcecode.swift; path = Button.swift; sourceTree = "<group>"; };
		6BD2E87A29C0501E006E1C50 /* KnowMeImageClassifier.mlmodel */ = {isa = PBXFileReference; lastKnownFileType = file.mlmodel; path = KnowMeImageClassifier.mlmodel; sourceTree = "<group>"; };
		6BED202D2A56C759008EF048 /* StaticScanVIew.swift */ = {isa = PBXFileReference; lastKnownFileType = sourcecode.swift; path = StaticScanVIew.swift; sourceTree = "<group>"; };
		6BF9F78B29C5E07A00E50180 /* ImageView.swift */ = {isa = PBXFileReference; lastKnownFileType = sourcecode.swift; path = ImageView.swift; sourceTree = "<group>"; };
/* End PBXFileReference section */

/* Begin PBXFrameworksBuildPhase section */
		6B59724529BA4C28002DD719 /* Frameworks */ = {
			isa = PBXFrameworksBuildPhase;
			buildActionMask = 2147483647;
			files = (
			);
			runOnlyForDeploymentPostprocessing = 0;
		};
/* End PBXFrameworksBuildPhase section */

/* Begin PBXGroup section */
		6B59723F29BA4C28002DD719 = {
			isa = PBXGroup;
			children = (
				6B59724A29BA4C28002DD719 /* KnowMe */,
				6B59724929BA4C28002DD719 /* Products */,
			);
			sourceTree = "<group>";
		};
		6B59724929BA4C28002DD719 /* Products */ = {
			isa = PBXGroup;
			children = (
				6B59724829BA4C28002DD719 /* KnowMe.app */,
			);
			name = Products;
			sourceTree = "<group>";
		};
		6B59724A29BA4C28002DD719 /* KnowMe */ = {
			isa = PBXGroup;
			children = (
				6BC97D8229C4CBA800E1D4D1 /* Components */,
				6BC97D8129C4CB9300E1D4D1 /* Screens */,
				6BC97D7A29C4802100E1D4D1 /* UIViewRepresentables */,
				6B59724B29BA4C28002DD719 /* KnowMeApp.swift */,
				6B59724F29BA4C29002DD719 /* Assets.xcassets */,
				6B40E3F52A55EFBA000E6B61 /* arduino.jpg */,
				6B59725129BA4C29002DD719 /* Preview Content */,
				6BD2E87A29C0501E006E1C50 /* KnowMeImageClassifier.mlmodel */,
				6B40E3F12A55E4F8000E6B61 /* ScanType.swift */,
			);
			path = KnowMe;
			sourceTree = "<group>";
		};
		6B59725129BA4C29002DD719 /* Preview Content */ = {
			isa = PBXGroup;
			children = (
				6B59725229BA4C29002DD719 /* Preview Assets.xcassets */,
			);
			path = "Preview Content";
			sourceTree = "<group>";
		};
		6BC97D7A29C4802100E1D4D1 /* UIViewRepresentables */ = {
			isa = PBXGroup;
			children = (
				6BC97D7B29C4806A00E1D4D1 /* ViewModel.swift */,
				6BC97D7F29C4CB8600E1D4D1 /* ImagePicker.swift */,
				6B7B9E0929F93F4A003DEEC6 /* ScannerViewModel.swift */,
				6B40E3E72A55BA52000E6B61 /* ScannerView.swift */,
			);
			path = UIViewRepresentables;
			sourceTree = "<group>";
		};
		6BC97D8129C4CB9300E1D4D1 /* Screens */ = {
			isa = PBXGroup;
			children = (
				6B59724D29BA4C28002DD719 /* ContentView.swift */,
				6B057ECA29BCC71400986620 /* SplashView.swift */,
				6BF9F78B29C5E07A00E50180 /* ImageView.swift */,
				6BED202D2A56C759008EF048 /* StaticScanVIew.swift */,
			);
			path = Screens;
			sourceTree = "<group>";
		};
		6BC97D8229C4CBA800E1D4D1 /* Components */ = {
			isa = PBXGroup;
			children = (
				6BC97D8329C4CBCF00E1D4D1 /* Button.swift */,
			);
			path = Components;
			sourceTree = "<group>";
		};
/* End PBXGroup section */

/* Begin PBXNativeTarget section */
		6B59724729BA4C28002DD719 /* KnowMe */ = {
			isa = PBXNativeTarget;
			buildConfigurationList = 6B59725629BA4C29002DD719 /* Build configuration list for PBXNativeTarget "KnowMe" */;
			buildPhases = (
				6B59724429BA4C28002DD719 /* Sources */,
				6B59724529BA4C28002DD719 /* Frameworks */,
				6B59724629BA4C28002DD719 /* Resources */,
			);
			buildRules = (
			);
			dependencies = (
			);
			name = KnowMe;
			productName = KnowMe;
			productReference = 6B59724829BA4C28002DD719 /* KnowMe.app */;
			productType = "com.apple.product-type.application";
		};
/* End PBXNativeTarget section */

/* Begin PBXProject section */
		6B59724029BA4C28002DD719 /* Project object */ = {
			isa = PBXProject;
			attributes = {
				BuildIndependentTargetsInParallel = 1;
				LastSwiftUpdateCheck = 1420;
				LastUpgradeCheck = 1420;
				TargetAttributes = {
					6B59724729BA4C28002DD719 = {
						CreatedOnToolsVersion = 14.2;
					};
				};
			};
			buildConfigurationList = 6B59724329BA4C28002DD719 /* Build configuration list for PBXProject "KnowMe" */;
			compatibilityVersion = "Xcode 14.0";
			developmentRegion = en;
			hasScannedForEncodings = 0;
			knownRegions = (
				en,
				Base,
			);
			mainGroup = 6B59723F29BA4C28002DD719;
			productRefGroup = 6B59724929BA4C28002DD719 /* Products */;
			projectDirPath = "";
			projectRoot = "";
			targets = (
				6B59724729BA4C28002DD719 /* KnowMe */,
			);
		};
/* End PBXProject section */

/* Begin PBXResourcesBuildPhase section */
		6B59724629BA4C28002DD719 /* Resources */ = {
			isa = PBXResourcesBuildPhase;
			buildActionMask = 2147483647;
			files = (
				6B59725329BA4C29002DD719 /* Preview Assets.xcassets in Resources */,
				6B59725029BA4C29002DD719 /* Assets.xcassets in Resources */,
				6B40E3F62A55EFBA000E6B61 /* arduino.jpg in Resources */,
			);
			runOnlyForDeploymentPostprocessing = 0;
		};
/* End PBXResourcesBuildPhase section */

/* Begin PBXSourcesBuildPhase section */
		6B59724429BA4C28002DD719 /* Sources */ = {
			isa = PBXSourcesBuildPhase;
			buildActionMask = 2147483647;
			files = (
				6B7B9E0A29F93F4A003DEEC6 /* ScannerViewModel.swift in Sources */,
				6BF9F78C29C5E07A00E50180 /* ImageView.swift in Sources */,
				6BED202E2A56C759008EF048 /* StaticScanVIew.swift in Sources */,
				6BC97D7C29C4806A00E1D4D1 /* ViewModel.swift in Sources */,
				6B59724E29BA4C28002DD719 /* ContentView.swift in Sources */,
				6B59724C29BA4C28002DD719 /* KnowMeApp.swift in Sources */,
				6BC97D8429C4CBCF00E1D4D1 /* Button.swift in Sources */,
				6BC97D8029C4CB8600E1D4D1 /* ImagePicker.swift in Sources */,
				6B40E3F22A55E4F8000E6B61 /* ScanType.swift in Sources */,
				6BD2E87B29C0501E006E1C50 /* KnowMeImageClassifier.mlmodel in Sources */,
				6B057ECB29BCC71400986620 /* SplashView.swift in Sources */,
				6B40E3E82A55BA52000E6B61 /* ScannerView.swift in Sources */,
			);
			runOnlyForDeploymentPostprocessing = 0;
		};
/* End PBXSourcesBuildPhase section */

/* Begin XCBuildConfiguration section */
		6B59725429BA4C29002DD719 /* Debug */ = {
			isa = XCBuildConfiguration;
			buildSettings = {
				ALWAYS_SEARCH_USER_PATHS = NO;
				CLANG_ANALYZER_NONNULL = YES;
				CLANG_ANALYZER_NUMBER_OBJECT_CONVERSION = YES_AGGRESSIVE;
				CLANG_CXX_LANGUAGE_STANDARD = "gnu++20";
				CLANG_ENABLE_MODULES = YES;
				CLANG_ENABLE_OBJC_ARC = YES;
				CLANG_ENABLE_OBJC_WEAK = YES;
				CLANG_WARN_BLOCK_CAPTURE_AUTORELEASING = YES;
				CLANG_WARN_BOOL_CONVERSION = YES;
				CLANG_WARN_COMMA = YES;
				CLANG_WARN_CONSTANT_CONVERSION = YES;
				CLANG_WARN_DEPRECATED_OBJC_IMPLEMENTATIONS = YES;
				CLANG_WARN_DIRECT_OBJC_ISA_USAGE = YES_ERROR;
				CLANG_WARN_DOCUMENTATION_COMMENTS = YES;
				CLANG_WARN_EMPTY_BODY = YES;
				CLANG_WARN_ENUM_CONVERSION = YES;
				CLANG_WARN_INFINITE_RECURSION = YES;
				CLANG_WARN_INT_CONVERSION = YES;
				CLANG_WARN_NON_LITERAL_NULL_CONVERSION = YES;
				CLANG_WARN_OBJC_IMPLICIT_RETAIN_SELF = YES;
				CLANG_WARN_OBJC_LITERAL_CONVERSION = YES;
				CLANG_WARN_OBJC_ROOT_CLASS = YES_ERROR;
				CLANG_WARN_QUOTED_INCLUDE_IN_FRAMEWORK_HEADER = YES;
				CLANG_WARN_RANGE_LOOP_ANALYSIS = YES;
				CLANG_WARN_STRICT_PROTOTYPES = YES;
				CLANG_WARN_SUSPICIOUS_MOVE = YES;
				CLANG_WARN_UNGUARDED_AVAILABILITY = YES_AGGRESSIVE;
				CLANG_WARN_UNREACHABLE_CODE = YES;
				CLANG_WARN__DUPLICATE_METHOD_MATCH = YES;
				COPY_PHASE_STRIP = NO;
				DEBUG_INFORMATION_FORMAT = dwarf;
				ENABLE_STRICT_OBJC_MSGSEND = YES;
				ENABLE_TESTABILITY = YES;
				GCC_C_LANGUAGE_STANDARD = gnu11;
				GCC_DYNAMIC_NO_PIC = NO;
				GCC_NO_COMMON_BLOCKS = YES;
				GCC_OPTIMIZATION_LEVEL = 0;
				GCC_PREPROCESSOR_DEFINITIONS = (
					"DEBUG=1",
					"$(inherited)",
				);
				GCC_WARN_64_TO_32_BIT_CONVERSION = YES;
				GCC_WARN_ABOUT_RETURN_TYPE = YES_ERROR;
				GCC_WARN_UNDECLARED_SELECTOR = YES;
				GCC_WARN_UNINITIALIZED_AUTOS = YES_AGGRESSIVE;
				GCC_WARN_UNUSED_FUNCTION = YES;
				GCC_WARN_UNUSED_VARIABLE = YES;
				IPHONEOS_DEPLOYMENT_TARGET = 16.2;
				MTL_ENABLE_DEBUG_INFO = INCLUDE_SOURCE;
				MTL_FAST_MATH = YES;
				ONLY_ACTIVE_ARCH = YES;
				SDKROOT = iphoneos;
				SWIFT_ACTIVE_COMPILATION_CONDITIONS = DEBUG;
				SWIFT_OPTIMIZATION_LEVEL = "-Onone";
			};
			name = Debug;
		};
		6B59725529BA4C29002DD719 /* Release */ = {
			isa = XCBuildConfiguration;
			buildSettings = {
				ALWAYS_SEARCH_USER_PATHS = NO;
				CLANG_ANALYZER_NONNULL = YES;
				CLANG_ANALYZER_NUMBER_OBJECT_CONVERSION = YES_AGGRESSIVE;
				CLANG_CXX_LANGUAGE_STANDARD = "gnu++20";
				CLANG_ENABLE_MODULES = YES;
				CLANG_ENABLE_OBJC_ARC = YES;
				CLANG_ENABLE_OBJC_WEAK = YES;
				CLANG_WARN_BLOCK_CAPTURE_AUTORELEASING = YES;
				CLANG_WARN_BOOL_CONVERSION = YES;
				CLANG_WARN_COMMA = YES;
				CLANG_WARN_CONSTANT_CONVERSION = YES;
				CLANG_WARN_DEPRECATED_OBJC_IMPLEMENTATIONS = YES;
				CLANG_WARN_DIRECT_OBJC_ISA_USAGE = YES_ERROR;
				CLANG_WARN_DOCUMENTATION_COMMENTS = YES;
				CLANG_WARN_EMPTY_BODY = YES;
				CLANG_WARN_ENUM_CONVERSION = YES;
				CLANG_WARN_INFINITE_RECURSION = YES;
				CLANG_WARN_INT_CONVERSION = YES;
				CLANG_WARN_NON_LITERAL_NULL_CONVERSION = YES;
				CLANG_WARN_OBJC_IMPLICIT_RETAIN_SELF = YES;
				CLANG_WARN_OBJC_LITERAL_CONVERSION = YES;
				CLANG_WARN_OBJC_ROOT_CLASS = YES_ERROR;
				CLANG_WARN_QUOTED_INCLUDE_IN_FRAMEWORK_HEADER = YES;
				CLANG_WARN_RANGE_LOOP_ANALYSIS = YES;
				CLANG_WARN_STRICT_PROTOTYPES = YES;
				CLANG_WARN_SUSPICIOUS_MOVE = YES;
				CLANG_WARN_UNGUARDED_AVAILABILITY = YES_AGGRESSIVE;
				CLANG_WARN_UNREACHABLE_CODE = YES;
				CLANG_WARN__DUPLICATE_METHOD_MATCH = YES;
				COPY_PHASE_STRIP = NO;
				DEBUG_INFORMATION_FORMAT = "dwarf-with-dsym";
				ENABLE_NS_ASSERTIONS = NO;
				ENABLE_STRICT_OBJC_MSGSEND = YES;
				GCC_C_LANGUAGE_STANDARD = gnu11;
				GCC_NO_COMMON_BLOCKS = YES;
				GCC_WARN_64_TO_32_BIT_CONVERSION = YES;
				GCC_WARN_ABOUT_RETURN_TYPE = YES_ERROR;
				GCC_WARN_UNDECLARED_SELECTOR = YES;
				GCC_WARN_UNINITIALIZED_AUTOS = YES_AGGRESSIVE;
				GCC_WARN_UNUSED_FUNCTION = YES;
				GCC_WARN_UNUSED_VARIABLE = YES;
				IPHONEOS_DEPLOYMENT_TARGET = 16.2;
				MTL_ENABLE_DEBUG_INFO = NO;
				MTL_FAST_MATH = YES;
				SDKROOT = iphoneos;
				SWIFT_COMPILATION_MODE = wholemodule;
				SWIFT_OPTIMIZATION_LEVEL = "-O";
				VALIDATE_PRODUCT = YES;
			};
			name = Release;
		};
		6B59725729BA4C29002DD719 /* Debug */ = {
			isa = XCBuildConfiguration;
			buildSettings = {
				ASSETCATALOG_COMPILER_APPICON_NAME = AppIcon;
				"ASSETCATALOG_COMPILER_APPICON_NAME[sdk=iphoneos*]" = AppIcon;
				ASSETCATALOG_COMPILER_GLOBAL_ACCENT_COLOR_NAME = AccentColor;
				ASSETCATALOG_COMPILER_INCLUDE_ALL_APPICON_ASSETS = YES;
				CODE_SIGN_STYLE = Automatic;
				CURRENT_PROJECT_VERSION = 1;
				DEVELOPMENT_ASSET_PATHS = "\"KnowMe/Preview Content\"";
				DEVELOPMENT_TEAM = QU2AHAQ4DT;
				ENABLE_PREVIEWS = YES;
				GENERATE_INFOPLIST_FILE = YES;
				INFOPLIST_KEY_NSCameraUsageDescription = "KnowMe app needs access to your camera in the pictures";
				INFOPLIST_KEY_NSPhotoLibraryUsageDescription = "KnowMe app needs access to your photoLibrary";
				INFOPLIST_KEY_UIApplicationSceneManifest_Generation = YES;
				INFOPLIST_KEY_UIApplicationSupportsIndirectInputEvents = YES;
				INFOPLIST_KEY_UILaunchScreen_Generation = YES;
				INFOPLIST_KEY_UISupportedInterfaceOrientations_iPad = "UIInterfaceOrientationPortrait UIInterfaceOrientationPortraitUpsideDown UIInterfaceOrientationLandscapeLeft UIInterfaceOrientationLandscapeRight";
				INFOPLIST_KEY_UISupportedInterfaceOrientations_iPhone = "UIInterfaceOrientationPortrait UIInterfaceOrientationLandscapeLeft UIInterfaceOrientationLandscapeRight";
				IPHONEOS_DEPLOYMENT_TARGET = 16.1;
				LD_RUNPATH_SEARCH_PATHS = (
					"$(inherited)",
					"@executable_path/Frameworks",
				);
				MARKETING_VERSION = 1.0;
				PRODUCT_BUNDLE_IDENTIFIER = com.AbhirajBhattashali.KnowMe;
				PRODUCT_NAME = "$(TARGET_NAME)";
				SWIFT_EMIT_LOC_STRINGS = YES;
				SWIFT_VERSION = 5.0;
				TARGETED_DEVICE_FAMILY = "1,2";
			};
			name = Debug;
		};
		6B59725829BA4C29002DD719 /* Release */ = {
			isa = XCBuildConfiguration;
			buildSettings = {
				ASSETCATALOG_COMPILER_APPICON_NAME = AppIcon;
				ASSETCATALOG_COMPILER_GLOBAL_ACCENT_COLOR_NAME = AccentColor;
				ASSETCATALOG_COMPILER_INCLUDE_ALL_APPICON_ASSETS = YES;
				CODE_SIGN_STYLE = Automatic;
				CURRENT_PROJECT_VERSION = 1;
				DEVELOPMENT_ASSET_PATHS = "\"KnowMe/Preview Content\"";
				DEVELOPMENT_TEAM = QU2AHAQ4DT;
				ENABLE_PREVIEWS = YES;
				GENERATE_INFOPLIST_FILE = YES;
				INFOPLIST_KEY_NSCameraUsageDescription = "KnowMe app needs access to your camera in the pictures";
				INFOPLIST_KEY_NSPhotoLibraryUsageDescription = "KnowMe app needs access to your photoLibrary";
				INFOPLIST_KEY_UIApplicationSceneManifest_Generation = YES;
				INFOPLIST_KEY_UIApplicationSupportsIndirectInputEvents = YES;
				INFOPLIST_KEY_UILaunchScreen_Generation = YES;
				INFOPLIST_KEY_UISupportedInterfaceOrientations_iPad = "UIInterfaceOrientationPortrait UIInterfaceOrientationPortraitUpsideDown UIInterfaceOrientationLandscapeLeft UIInterfaceOrientationLandscapeRight";
				INFOPLIST_KEY_UISupportedInterfaceOrientations_iPhone = "UIInterfaceOrientationPortrait UIInterfaceOrientationLandscapeLeft UIInterfaceOrientationLandscapeRight";
				IPHONEOS_DEPLOYMENT_TARGET = 16.1;
				LD_RUNPATH_SEARCH_PATHS = (
					"$(inherited)",
					"@executable_path/Frameworks",
				);
				MARKETING_VERSION = 1.0;
				PRODUCT_BUNDLE_IDENTIFIER = com.AbhirajBhattashali.KnowMe;
				PRODUCT_NAME = "$(TARGET_NAME)";
				SWIFT_EMIT_LOC_STRINGS = YES;
				SWIFT_VERSION = 5.0;
				TARGETED_DEVICE_FAMILY = "1,2";
			};
			name = Release;
		};
/* End XCBuildConfiguration section */

/* Begin XCConfigurationList section */
		6B59724329BA4C28002DD719 /* Build configuration list for PBXProject "KnowMe" */ = {
			isa = XCConfigurationList;
			buildConfigurations = (
				6B59725429BA4C29002DD719 /* Debug */,
				6B59725529BA4C29002DD719 /* Release */,
			);
			defaultConfigurationIsVisible = 0;
			defaultConfigurationName = Release;
		};
		6B59725629BA4C29002DD719 /* Build configuration list for PBXNativeTarget "KnowMe" */ = {
			isa = XCConfigurationList;
			buildConfigurations = (
				6B59725729BA4C29002DD719 /* Debug */,
				6B59725829BA4C29002DD719 /* Release */,
			);
			defaultConfigurationIsVisible = 0;
			defaultConfigurationName = Release;
		};
/* End XCConfigurationList section */
	};
	rootObject = 6B59724029BA4C28002DD719 /* Project object */;
}
